
Microsoft Visual Studio Solution File, Format Version 12.00
# Visual Studio 15
VisualStudioVersion = 15.0.27130.2020
MinimumVisualStudioVersion = 10.0.40219.1
Project("{9A19103F-16F7-4668-BE54-9A1E7A4F7556}") = "SetAndDictionary", "SetAndDictionary\SetAndDictionary.csproj", "{FF9DFA8D-8333-47C5-AE4E-ED9748ACA06F}"
EndProject
Project("{9A19103F-16F7-4668-BE54-9A1E7A4F7556}") = "SoftUniParty", "SoftUniParty\SoftUniParty.csproj", "{AC0EFC9E-5148-4092-9272-12AE21BF4B85}"
EndProject
Project("{FAE04EC0-301F-11D3-BF4B-00C04F79EFBC}") = "CountSameValue", "CountSameValue\CountSameValue.csproj", "{D23EF362-2B86-40A1-B42F-D6E40AB2CA42}"
EndProject
Project("{FAE04EC0-301F-11D3-BF4B-00C04F79EFBC}") = "AcademyGraduation", "AcademyGraduation\AcademyGraduation.csproj", "{A5033C1B-7E23-42FE-9F39-8C3DD06EB90C}"
EndProject
Global
	GlobalSection(SolutionConfigurationPlatforms) = preSolution
		Debug|Any CPU = Debug|Any CPU
		Release|Any CPU = Release|Any CPU
	EndGlobalSection
	GlobalSection(ProjectConfigurationPlatforms) = postSolution
		{FF9DFA8D-8333-47C5-AE4E-ED9748ACA06F}.Debug|Any CPU.ActiveCfg = Debug|Any CPU
		{FF9DFA8D-8333-47C5-AE4E-ED9748ACA06F}.Debug|Any CPU.Build.0 = Debug|Any CPU
		{FF9DFA8D-8333-47C5-AE4E-ED9748ACA06F}.Release|Any CPU.ActiveCfg = Release|Any CPU
		{FF9DFA8D-8333-47C5-AE4E-ED9748ACA06F}.Release|Any CPU.Build.0 = Release|Any CPU
		{AC0EFC9E-5148-4092-9272-12AE21BF4B85}.Debug|Any CPU.ActiveCfg = Debug|Any CPU
		{AC0EFC9E-5148-4092-9272-12AE21BF4B85}.Debug|Any CPU.Build.0 = Debug|Any CPU
		{AC0EFC9E-5148-4092-9272-12AE21BF4B85}.Release|Any CPU.ActiveCfg = Release|Any CPU
		{AC0EFC9E-5148-4092-9272-12AE21BF4B85}.Release|Any CPU.Build.0 = Release|Any CPU
		{D23EF362-2B86-40A1-B42F-D6E40AB2CA42}.Debug|Any CPU.ActiveCfg = Debug|Any CPU
		{D23EF362-2B86-40A1-B42F-D6E40AB2CA42}.Debug|Any CPU.Build.0 = Debug|Any CPU
		{D23EF362-2B86-40A1-B42F-D6E40AB2CA42}.Release|Any CPU.ActiveCfg = Release|Any CPU
		{D23EF362-2B86-40A1-B42F-D6E40AB2CA42}.Release|Any CPU.Build.0 = Release|Any CPU
		{A5033C1B-7E23-42FE-9F39-8C3DD06EB90C}.Debug|Any CPU.ActiveCfg = Debug|Any CPU
		{A5033C1B-7E23-42FE-9F39-8C3DD06EB90C}.Debug|Any CPU.Build.0 = Debug|Any CPU
		{A5033C1B-7E23-42FE-9F39-8C3DD06EB90C}.Release|Any CPU.ActiveCfg = Release|Any CPU
		{A5033C1B-7E23-42FE-9F39-8C3DD06EB90C}.Release|Any CPU.Build.0 = Release|Any CPU
	EndGlobalSection
	GlobalSection(SolutionProperties) = preSolution
		HideSolutionNode = FALSE
	EndGlobalSection
	GlobalSection(ExtensibilityGlobals) = postSolution
		SolutionGuid = {38ED65EA-B5CC-45EC-8AA6-DC2E562EDC37}
	EndGlobalSection
EndGlobal
